
Microsoft Visual Studio Solution File, Format Version 12.00
# Visual Studio Version 17
VisualStudioVersion = 17.11.35327.3
MinimumVisualStudioVersion = 10.0.40219.1
Project("{9A19103F-16F7-4668-BE54-9A1E7A4F7556}") = "WebApplication3", "WebApplication3.csproj", "{425C9E3E-9080-4700-8D1E-AB4D1A9CB79A}"
EndProject
Global
	GlobalSection(SolutionConfigurationPlatforms) = preSolution
		Debug|Any CPU = Debug|Any CPU
		Release|Any CPU = Release|Any CPU
	EndGlobalSection
	GlobalSection(ProjectConfigurationPlatforms) = postSolution
		{425C9E3E-9080-4700-8D1E-AB4D1A9CB79A}.Debug|Any CPU.ActiveCfg = Debug|Any CPU
		{425C9E3E-9080-4700-8D1E-AB4D1A9CB79A}.Debug|Any CPU.Build.0 = Debug|Any CPU
		{425C9E3E-9080-4700-8D1E-AB4D1A9CB79A}.Release|Any CPU.ActiveCfg = Release|Any CPU
		{425C9E3E-9080-4700-8D1E-AB4D1A9CB79A}.Release|Any CPU.Build.0 = Release|Any CPU
	EndGlobalSection
	GlobalSection(SolutionProperties) = preSolution
		HideSolutionNode = FALSE
	EndGlobalSection
	GlobalSection(ExtensibilityGlobals) = postSolution
		SolutionGuid = {B0908FB0-31A9-4556-8458-FF4D4119E0C5}
	EndGlobalSection
EndGlobal
